// !$*UTF8*$!
{
	archiveVersion = 1;
	classes = {
	};
	objectVersion = 50;
	objects = {

/* Begin PBXBuildFile section */
		0CF5623CEBEC566160D3E282 /* Pods_NimbusTests.framework in Frameworks */ = {isa = PBXBuildFile; fileRef = FEF36AFF54B4EFEB10747700 /* Pods_NimbusTests.framework */; };
		212A729820D36F17009F2184 /* Account.swift in Sources */ = {isa = PBXBuildFile; fileRef = 212A729720D36F17009F2184 /* Account.swift */; };
		212A729A20D36F1F009F2184 /* Project.swift in Sources */ = {isa = PBXBuildFile; fileRef = 212A729920D36F1F009F2184 /* Project.swift */; };
		212A729C20D36F27009F2184 /* Story.swift in Sources */ = {isa = PBXBuildFile; fileRef = 212A729B20D36F27009F2184 /* Story.swift */; };
		212A729E20D3A227009F2184 /* AccountController.swift in Sources */ = {isa = PBXBuildFile; fileRef = 212A729D20D3A227009F2184 /* AccountController.swift */; };
		212A72A020D3A279009F2184 /* ProjectController.swift in Sources */ = {isa = PBXBuildFile; fileRef = 212A729F20D3A279009F2184 /* ProjectController.swift */; };
		212A72A220D3A7A3009F2184 /* StoriesController.swift in Sources */ = {isa = PBXBuildFile; fileRef = 212A72A120D3A7A3009F2184 /* StoriesController.swift */; };
		212A72A420D3B329009F2184 /* HotkeyManager.swift in Sources */ = {isa = PBXBuildFile; fileRef = 212A72A320D3B329009F2184 /* HotkeyManager.swift */; };
		21443F3620D2501900114A54 /* AppDelegate.swift in Sources */ = {isa = PBXBuildFile; fileRef = 21443F3520D2501900114A54 /* AppDelegate.swift */; };
		21443F3820D2501900114A54 /* LoginViewController.swift in Sources */ = {isa = PBXBuildFile; fileRef = 21443F3720D2501900114A54 /* LoginViewController.swift */; };
		21443F3A20D2501B00114A54 /* Assets.xcassets in Resources */ = {isa = PBXBuildFile; fileRef = 21443F3920D2501B00114A54 /* Assets.xcassets */; };
		21443F3D20D2501B00114A54 /* Main.storyboard in Resources */ = {isa = PBXBuildFile; fileRef = 21443F3B20D2501B00114A54 /* Main.storyboard */; };
		21443F4920D2501B00114A54 /* NimbusTests.swift in Sources */ = {isa = PBXBuildFile; fileRef = 21443F4820D2501B00114A54 /* NimbusTests.swift */; };
		215BFE4920D26AE400F28DDC /* ApplicationController.swift in Sources */ = {isa = PBXBuildFile; fileRef = 215BFE4820D26AE400F28DDC /* ApplicationController.swift */; };
		215BFE4C20D27C7200F28DDC /* NSViewController+StoryboardInstantiable.swift in Sources */ = {isa = PBXBuildFile; fileRef = 215BFE4B20D27C7200F28DDC /* NSViewController+StoryboardInstantiable.swift */; };
		21EDEB9D20D65F38005A6240 /* TemplateController.swift in Sources */ = {isa = PBXBuildFile; fileRef = 21EDEB9C20D65F38005A6240 /* TemplateController.swift */; };
		21EDEBA020D66F30005A6240 /* LocalStorage.swift in Sources */ = {isa = PBXBuildFile; fileRef = 21EDEB9F20D66F30005A6240 /* LocalStorage.swift */; };
		21EDEBA220D66F46005A6240 /* Template.swift in Sources */ = {isa = PBXBuildFile; fileRef = 21EDEBA120D66F46005A6240 /* Template.swift */; };
		21EDEBA420D66F59005A6240 /* NSMenuItem+Creational.swift in Sources */ = {isa = PBXBuildFile; fileRef = 21EDEBA320D66F59005A6240 /* NSMenuItem+Creational.swift */; };
		21EDEBA720D66F6F005A6240 /* StorageKey.swift in Sources */ = {isa = PBXBuildFile; fileRef = 21EDEBA620D66F6F005A6240 /* StorageKey.swift */; };
		21EDEBA920D66F85005A6240 /* StorageKeys.swift in Sources */ = {isa = PBXBuildFile; fileRef = 21EDEBA820D66F85005A6240 /* StorageKeys.swift */; };
		21FAFC8920D25D5700067899 /* Credentials.swift in Sources */ = {isa = PBXBuildFile; fileRef = 21FAFC8820D25D5700067899 /* Credentials.swift */; };
		21FAFC8D20D25FC100067899 /* ApplicationErrors.swift in Sources */ = {isa = PBXBuildFile; fileRef = 21FAFC8C20D25FC100067899 /* ApplicationErrors.swift */; };
		21FAFCB520D2646900067899 /* CredentialsStorage.swift in Sources */ = {isa = PBXBuildFile; fileRef = 21FAFC9220D2646900067899 /* CredentialsStorage.swift */; };
		21FAFCB620D2646900067899 /* Keychain.swift in Sources */ = {isa = PBXBuildFile; fileRef = 21FAFC9320D2646900067899 /* Keychain.swift */; };
		21FAFCB720D2646900067899 /* TokenAdapter.swift in Sources */ = {isa = PBXBuildFile; fileRef = 21FAFC9520D2646900067899 /* TokenAdapter.swift */; };
		21FAFCBD20D2646900067899 /* JSON.swift in Sources */ = {isa = PBXBuildFile; fileRef = 21FAFC9D20D2646900067899 /* JSON.swift */; };
		21FAFCC220D2646900067899 /* RequestManager.swift in Sources */ = {isa = PBXBuildFile; fileRef = 21FAFCA320D2646900067899 /* RequestManager.swift */; };
		21FAFCC320D2646900067899 /* CollectionRequest.swift in Sources */ = {isa = PBXBuildFile; fileRef = 21FAFCA520D2646900067899 /* CollectionRequest.swift */; };
		21FAFCC420D2646900067899 /* APIRequestable.swift in Sources */ = {isa = PBXBuildFile; fileRef = 21FAFCA620D2646900067899 /* APIRequestable.swift */; };
		21FAFCC520D2646900067899 /* Request.swift in Sources */ = {isa = PBXBuildFile; fileRef = 21FAFCA720D2646900067899 /* Request.swift */; };
		21FAFCC620D2646900067899 /* ApplicationRequests.swift in Sources */ = {isa = PBXBuildFile; fileRef = 21FAFCA820D2646900067899 /* ApplicationRequests.swift */; };
		21FAFCC720D2646900067899 /* ApplicationPaths.swift in Sources */ = {isa = PBXBuildFile; fileRef = 21FAFCAA20D2646900067899 /* ApplicationPaths.swift */; };
		21FAFCC820D2646900067899 /* ServiceProvidable.swift in Sources */ = {isa = PBXBuildFile; fileRef = 21FAFCAC20D2646900067899 /* ServiceProvidable.swift */; };
		21FAFCC920D2646900067899 /* ServiceLocator.swift in Sources */ = {isa = PBXBuildFile; fileRef = 21FAFCAD20D2646900067899 /* ServiceLocator.swift */; };
		21FAFCCA20D2646900067899 /* Service.swift in Sources */ = {isa = PBXBuildFile; fileRef = 21FAFCAE20D2646900067899 /* Service.swift */; };
		21FAFCCB20D2646900067899 /* ServiceConfigurator.swift in Sources */ = {isa = PBXBuildFile; fileRef = 21FAFCAF20D2646900067899 /* ServiceConfigurator.swift */; };
		21FAFCCC20D2646900067899 /* ResponseHandler.swift in Sources */ = {isa = PBXBuildFile; fileRef = 21FAFCB120D2646900067899 /* ResponseHandler.swift */; };
		21FAFCCD20D2646900067899 /* ResponseHandlable.swift in Sources */ = {isa = PBXBuildFile; fileRef = 21FAFCB320D2646900067899 /* ResponseHandlable.swift */; };
		21FAFCCE20D2646900067899 /* AnyResponseHandlable.swift in Sources */ = {isa = PBXBuildFile; fileRef = 21FAFCB420D2646900067899 /* AnyResponseHandlable.swift */; };
		8C8C9EA8D16BDEF4838CB249 /* Pods_Nimbus.framework in Frameworks */ = {isa = PBXBuildFile; fileRef = BE73C19DB32E99F2A89C66D6 /* Pods_Nimbus.framework */; };
/* End PBXBuildFile section */

/* Begin PBXContainerItemProxy section */
		21443F4520D2501B00114A54 /* PBXContainerItemProxy */ = {
			isa = PBXContainerItemProxy;
			containerPortal = 21443F2A20D2501900114A54 /* Project object */;
			proxyType = 1;
			remoteGlobalIDString = 21443F3120D2501900114A54;
			remoteInfo = Nimbus;
		};
/* End PBXContainerItemProxy section */

/* Begin PBXFileReference section */
		212A729720D36F17009F2184 /* Account.swift */ = {isa = PBXFileReference; lastKnownFileType = sourcecode.swift; path = Account.swift; sourceTree = "<group>"; };
		212A729920D36F1F009F2184 /* Project.swift */ = {isa = PBXFileReference; lastKnownFileType = sourcecode.swift; path = Project.swift; sourceTree = "<group>"; };
		212A729B20D36F27009F2184 /* Story.swift */ = {isa = PBXFileReference; lastKnownFileType = sourcecode.swift; path = Story.swift; sourceTree = "<group>"; };
		212A729D20D3A227009F2184 /* AccountController.swift */ = {isa = PBXFileReference; lastKnownFileType = sourcecode.swift; path = AccountController.swift; sourceTree = "<group>"; };
		212A729F20D3A279009F2184 /* ProjectController.swift */ = {isa = PBXFileReference; lastKnownFileType = sourcecode.swift; path = ProjectController.swift; sourceTree = "<group>"; };
		212A72A120D3A7A3009F2184 /* StoriesController.swift */ = {isa = PBXFileReference; lastKnownFileType = sourcecode.swift; path = StoriesController.swift; sourceTree = "<group>"; };
		212A72A320D3B329009F2184 /* HotkeyManager.swift */ = {isa = PBXFileReference; lastKnownFileType = sourcecode.swift; path = HotkeyManager.swift; sourceTree = "<group>"; };
		21443F3220D2501900114A54 /* Nimbus.app */ = {isa = PBXFileReference; explicitFileType = wrapper.application; includeInIndex = 0; path = Nimbus.app; sourceTree = BUILT_PRODUCTS_DIR; };
		21443F3520D2501900114A54 /* AppDelegate.swift */ = {isa = PBXFileReference; lastKnownFileType = sourcecode.swift; path = AppDelegate.swift; sourceTree = "<group>"; };
		21443F3720D2501900114A54 /* LoginViewController.swift */ = {isa = PBXFileReference; lastKnownFileType = sourcecode.swift; path = LoginViewController.swift; sourceTree = "<group>"; };
		21443F3920D2501B00114A54 /* Assets.xcassets */ = {isa = PBXFileReference; lastKnownFileType = folder.assetcatalog; path = Assets.xcassets; sourceTree = "<group>"; };
		21443F3C20D2501B00114A54 /* Base */ = {isa = PBXFileReference; lastKnownFileType = file.storyboard; name = Base; path = Base.lproj/Main.storyboard; sourceTree = "<group>"; };
		21443F3E20D2501B00114A54 /* Info.plist */ = {isa = PBXFileReference; lastKnownFileType = text.plist.xml; path = Info.plist; sourceTree = "<group>"; };
		21443F3F20D2501B00114A54 /* Nimbus.entitlements */ = {isa = PBXFileReference; lastKnownFileType = text.plist.entitlements; path = Nimbus.entitlements; sourceTree = "<group>"; };
		21443F4420D2501B00114A54 /* NimbusTests.xctest */ = {isa = PBXFileReference; explicitFileType = wrapper.cfbundle; includeInIndex = 0; path = NimbusTests.xctest; sourceTree = BUILT_PRODUCTS_DIR; };
		21443F4820D2501B00114A54 /* NimbusTests.swift */ = {isa = PBXFileReference; lastKnownFileType = sourcecode.swift; path = NimbusTests.swift; sourceTree = "<group>"; };
		21443F4A20D2501B00114A54 /* Info.plist */ = {isa = PBXFileReference; lastKnownFileType = text.plist.xml; path = Info.plist; sourceTree = "<group>"; };
		215BFE4820D26AE400F28DDC /* ApplicationController.swift */ = {isa = PBXFileReference; lastKnownFileType = sourcecode.swift; path = ApplicationController.swift; sourceTree = "<group>"; };
		215BFE4B20D27C7200F28DDC /* NSViewController+StoryboardInstantiable.swift */ = {isa = PBXFileReference; lastKnownFileType = sourcecode.swift; path = "NSViewController+StoryboardInstantiable.swift"; sourceTree = "<group>"; };
		21EDEB9C20D65F38005A6240 /* TemplateController.swift */ = {isa = PBXFileReference; lastKnownFileType = sourcecode.swift; path = TemplateController.swift; sourceTree = "<group>"; };
		21EDEB9F20D66F30005A6240 /* LocalStorage.swift */ = {isa = PBXFileReference; lastKnownFileType = sourcecode.swift; path = LocalStorage.swift; sourceTree = "<group>"; };
		21EDEBA120D66F46005A6240 /* Template.swift */ = {isa = PBXFileReference; lastKnownFileType = sourcecode.swift; path = Template.swift; sourceTree = "<group>"; };
		21EDEBA320D66F59005A6240 /* NSMenuItem+Creational.swift */ = {isa = PBXFileReference; lastKnownFileType = sourcecode.swift; path = "NSMenuItem+Creational.swift"; sourceTree = "<group>"; };
		21EDEBA620D66F6F005A6240 /* StorageKey.swift */ = {isa = PBXFileReference; lastKnownFileType = sourcecode.swift; path = StorageKey.swift; sourceTree = "<group>"; };
		21EDEBA820D66F85005A6240 /* StorageKeys.swift */ = {isa = PBXFileReference; lastKnownFileType = sourcecode.swift; path = StorageKeys.swift; sourceTree = "<group>"; };
		21FAFC8820D25D5700067899 /* Credentials.swift */ = {isa = PBXFileReference; lastKnownFileType = sourcecode.swift; path = Credentials.swift; sourceTree = "<group>"; };
		21FAFC8C20D25FC100067899 /* ApplicationErrors.swift */ = {isa = PBXFileReference; lastKnownFileType = sourcecode.swift; path = ApplicationErrors.swift; sourceTree = "<group>"; };
		21FAFC9220D2646900067899 /* CredentialsStorage.swift */ = {isa = PBXFileReference; fileEncoding = 4; lastKnownFileType = sourcecode.swift; path = CredentialsStorage.swift; sourceTree = "<group>"; };
		21FAFC9320D2646900067899 /* Keychain.swift */ = {isa = PBXFileReference; fileEncoding = 4; lastKnownFileType = sourcecode.swift; path = Keychain.swift; sourceTree = "<group>"; };
		21FAFC9520D2646900067899 /* TokenAdapter.swift */ = {isa = PBXFileReference; fileEncoding = 4; lastKnownFileType = sourcecode.swift; path = TokenAdapter.swift; sourceTree = "<group>"; };
		21FAFC9D20D2646900067899 /* JSON.swift */ = {isa = PBXFileReference; fileEncoding = 4; lastKnownFileType = sourcecode.swift; path = JSON.swift; sourceTree = "<group>"; };
		21FAFCA320D2646900067899 /* RequestManager.swift */ = {isa = PBXFileReference; fileEncoding = 4; lastKnownFileType = sourcecode.swift; path = RequestManager.swift; sourceTree = "<group>"; };
		21FAFCA520D2646900067899 /* CollectionRequest.swift */ = {isa = PBXFileReference; fileEncoding = 4; lastKnownFileType = sourcecode.swift; path = CollectionRequest.swift; sourceTree = "<group>"; };
		21FAFCA620D2646900067899 /* APIRequestable.swift */ = {isa = PBXFileReference; fileEncoding = 4; lastKnownFileType = sourcecode.swift; path = APIRequestable.swift; sourceTree = "<group>"; };
		21FAFCA720D2646900067899 /* Request.swift */ = {isa = PBXFileReference; fileEncoding = 4; lastKnownFileType = sourcecode.swift; path = Request.swift; sourceTree = "<group>"; };
		21FAFCA820D2646900067899 /* ApplicationRequests.swift */ = {isa = PBXFileReference; fileEncoding = 4; lastKnownFileType = sourcecode.swift; path = ApplicationRequests.swift; sourceTree = "<group>"; };
		21FAFCAA20D2646900067899 /* ApplicationPaths.swift */ = {isa = PBXFileReference; fileEncoding = 4; lastKnownFileType = sourcecode.swift; path = ApplicationPaths.swift; sourceTree = "<group>"; };
		21FAFCAC20D2646900067899 /* ServiceProvidable.swift */ = {isa = PBXFileReference; fileEncoding = 4; lastKnownFileType = sourcecode.swift; path = ServiceProvidable.swift; sourceTree = "<group>"; };
		21FAFCAD20D2646900067899 /* ServiceLocator.swift */ = {isa = PBXFileReference; fileEncoding = 4; lastKnownFileType = sourcecode.swift; path = ServiceLocator.swift; sourceTree = "<group>"; };
		21FAFCAE20D2646900067899 /* Service.swift */ = {isa = PBXFileReference; fileEncoding = 4; lastKnownFileType = sourcecode.swift; path = Service.swift; sourceTree = "<group>"; };
		21FAFCAF20D2646900067899 /* ServiceConfigurator.swift */ = {isa = PBXFileReference; fileEncoding = 4; lastKnownFileType = sourcecode.swift; path = ServiceConfigurator.swift; sourceTree = "<group>"; };
		21FAFCB120D2646900067899 /* ResponseHandler.swift */ = {isa = PBXFileReference; fileEncoding = 4; lastKnownFileType = sourcecode.swift; path = ResponseHandler.swift; sourceTree = "<group>"; };
		21FAFCB320D2646900067899 /* ResponseHandlable.swift */ = {isa = PBXFileReference; fileEncoding = 4; lastKnownFileType = sourcecode.swift; path = ResponseHandlable.swift; sourceTree = "<group>"; };
		21FAFCB420D2646900067899 /* AnyResponseHandlable.swift */ = {isa = PBXFileReference; fileEncoding = 4; lastKnownFileType = sourcecode.swift; path = AnyResponseHandlable.swift; sourceTree = "<group>"; };
		971B3973F42FBF4FC02D5888 /* Pods-NimbusTests.release.xcconfig */ = {isa = PBXFileReference; includeInIndex = 1; lastKnownFileType = text.xcconfig; name = "Pods-NimbusTests.release.xcconfig"; path = "Pods/Target Support Files/Pods-NimbusTests/Pods-NimbusTests.release.xcconfig"; sourceTree = "<group>"; };
		A98865455F3A6F6785F8F2BA /* Pods-NimbusTests.debug.xcconfig */ = {isa = PBXFileReference; includeInIndex = 1; lastKnownFileType = text.xcconfig; name = "Pods-NimbusTests.debug.xcconfig"; path = "Pods/Target Support Files/Pods-NimbusTests/Pods-NimbusTests.debug.xcconfig"; sourceTree = "<group>"; };
		ABE211F95A8BB1B4041F9AA0 /* Pods-Nimbus.release.xcconfig */ = {isa = PBXFileReference; includeInIndex = 1; lastKnownFileType = text.xcconfig; name = "Pods-Nimbus.release.xcconfig"; path = "Pods/Target Support Files/Pods-Nimbus/Pods-Nimbus.release.xcconfig"; sourceTree = "<group>"; };
		BE73C19DB32E99F2A89C66D6 /* Pods_Nimbus.framework */ = {isa = PBXFileReference; explicitFileType = wrapper.framework; includeInIndex = 0; path = Pods_Nimbus.framework; sourceTree = BUILT_PRODUCTS_DIR; };
		C3E24BFCCE9FEF374D158C5D /* Pods-Nimbus.debug.xcconfig */ = {isa = PBXFileReference; includeInIndex = 1; lastKnownFileType = text.xcconfig; name = "Pods-Nimbus.debug.xcconfig"; path = "Pods/Target Support Files/Pods-Nimbus/Pods-Nimbus.debug.xcconfig"; sourceTree = "<group>"; };
		FEF36AFF54B4EFEB10747700 /* Pods_NimbusTests.framework */ = {isa = PBXFileReference; explicitFileType = wrapper.framework; includeInIndex = 0; path = Pods_NimbusTests.framework; sourceTree = BUILT_PRODUCTS_DIR; };
/* End PBXFileReference section */

/* Begin PBXFrameworksBuildPhase section */
		21443F2F20D2501900114A54 /* Frameworks */ = {
			isa = PBXFrameworksBuildPhase;
			buildActionMask = 2147483647;
			files = (
				8C8C9EA8D16BDEF4838CB249 /* Pods_Nimbus.framework in Frameworks */,
			);
			runOnlyForDeploymentPostprocessing = 0;
		};
		21443F4120D2501B00114A54 /* Frameworks */ = {
			isa = PBXFrameworksBuildPhase;
			buildActionMask = 2147483647;
			files = (
				0CF5623CEBEC566160D3E282 /* Pods_NimbusTests.framework in Frameworks */,
			);
			runOnlyForDeploymentPostprocessing = 0;
		};
/* End PBXFrameworksBuildPhase section */

/* Begin PBXGroup section */
		21443F2920D2501900114A54 = {
			isa = PBXGroup;
			children = (
				21443F3420D2501900114A54 /* Nimbus */,
				21443F3B20D2501B00114A54 /* Main.storyboard */,
				21443F4720D2501B00114A54 /* NimbusTests */,
				21443F3320D2501900114A54 /* Products */,
				CAC2D823A3CFDD80CE65EE0F /* Pods */,
				E5F1AF44E723F24E8C832C9C /* Frameworks */,
			);
			sourceTree = "<group>";
		};
		21443F3320D2501900114A54 /* Products */ = {
			isa = PBXGroup;
			children = (
				21443F3220D2501900114A54 /* Nimbus.app */,
				21443F4420D2501B00114A54 /* NimbusTests.xctest */,
			);
			name = Products;
			sourceTree = "<group>";
		};
		21443F3420D2501900114A54 /* Nimbus */ = {
			isa = PBXGroup;
			children = (
				21FAFC3820D25BF700067899 /* Application */,
				21FAFC3920D25BFD00067899 /* Controllers */,
				215BFE4A20D27C5F00F28DDC /* Extensions */,
				21FAFC8720D25D3D00067899 /* Models */,
				21FAFC9020D2646900067899 /* Services */,
				21EDEB9E20D66F05005A6240 /* Utilities */,
			);
			path = Nimbus;
			sourceTree = "<group>";
		};
		21443F4720D2501B00114A54 /* NimbusTests */ = {
			isa = PBXGroup;
			children = (
				21443F4820D2501B00114A54 /* NimbusTests.swift */,
				21443F4A20D2501B00114A54 /* Info.plist */,
			);
			path = NimbusTests;
			sourceTree = "<group>";
		};
		215BFE4A20D27C5F00F28DDC /* Extensions */ = {
			isa = PBXGroup;
			children = (
				215BFE4B20D27C7200F28DDC /* NSViewController+StoryboardInstantiable.swift */,
				21EDEBA320D66F59005A6240 /* NSMenuItem+Creational.swift */,
			);
			path = Extensions;
			sourceTree = "<group>";
		};
		21EDEB9E20D66F05005A6240 /* Utilities */ = {
			isa = PBXGroup;
			children = (
				21EDEBAA20D66F9A005A6240 /* Hotkey manager */,
				21EDEBA520D66F64005A6240 /* Local storage */,
			);
			path = Utilities;
			sourceTree = "<group>";
		};
		21EDEBA520D66F64005A6240 /* Local storage */ = {
			isa = PBXGroup;
			children = (
				21EDEB9F20D66F30005A6240 /* LocalStorage.swift */,
				21EDEBA620D66F6F005A6240 /* StorageKey.swift */,
				21EDEBA820D66F85005A6240 /* StorageKeys.swift */,
			);
			path = "Local storage";
			sourceTree = "<group>";
		};
		21EDEBAA20D66F9A005A6240 /* Hotkey manager */ = {
			isa = PBXGroup;
			children = (
				212A72A320D3B329009F2184 /* HotkeyManager.swift */,
			);
			path = "Hotkey manager";
			sourceTree = "<group>";
		};
		21FAFC3820D25BF700067899 /* Application */ = {
			isa = PBXGroup;
			children = (
				21FAFC8B20D25FB500067899 /* Constants */,
				21FAFC8A20D25FAB00067899 /* Resources */,
				21443F3520D2501900114A54 /* AppDelegate.swift */,
				21443F3F20D2501B00114A54 /* Nimbus.entitlements */,
				21443F3E20D2501B00114A54 /* Info.plist */,
			);
			path = Application;
			sourceTree = "<group>";
		};
		21FAFC3920D25BFD00067899 /* Controllers */ = {
			isa = PBXGroup;
			children = (
				212A729D20D3A227009F2184 /* AccountController.swift */,
				215BFE4820D26AE400F28DDC /* ApplicationController.swift */,
				21443F3720D2501900114A54 /* LoginViewController.swift */,
				212A729F20D3A279009F2184 /* ProjectController.swift */,
				212A72A120D3A7A3009F2184 /* StoriesController.swift */,
				21EDEB9C20D65F38005A6240 /* TemplateController.swift */,
			);
			path = Controllers;
			sourceTree = "<group>";
		};
		21FAFC8720D25D3D00067899 /* Models */ = {
			isa = PBXGroup;
			children = (
				21FAFC8820D25D5700067899 /* Credentials.swift */,
				21FAFC9D20D2646900067899 /* JSON.swift */,
				212A729720D36F17009F2184 /* Account.swift */,
				212A729920D36F1F009F2184 /* Project.swift */,
				212A729B20D36F27009F2184 /* Story.swift */,
				21EDEBA120D66F46005A6240 /* Template.swift */,
			);
			path = Models;
			sourceTree = "<group>";
		};
		21FAFC8A20D25FAB00067899 /* Resources */ = {
			isa = PBXGroup;
			children = (
				21443F3920D2501B00114A54 /* Assets.xcassets */,
			);
			path = Resources;
			sourceTree = "<group>";
		};
		21FAFC8B20D25FB500067899 /* Constants */ = {
			isa = PBXGroup;
			children = (
				21FAFC8C20D25FC100067899 /* ApplicationErrors.swift */,
			);
			path = Constants;
			sourceTree = "<group>";
		};
		21FAFC9020D2646900067899 /* Services */ = {
			isa = PBXGroup;
			children = (
				21FAFC9120D2646900067899 /* Credentials Storage */,
				21FAFC9420D2646900067899 /* Token handler */,
				21FAFCA220D2646900067899 /* Request Manager */,
				21FAFCA420D2646900067899 /* Requests */,
				21FAFCA920D2646900067899 /* API Paths */,
				21FAFCAB20D2646900067899 /* Service Locator */,
				21FAFCB020D2646900067899 /* Response Handlers */,
			);
			path = Services;
			sourceTree = "<group>";
		};
		21FAFC9120D2646900067899 /* Credentials Storage */ = {
			isa = PBXGroup;
			children = (
				21FAFC9220D2646900067899 /* CredentialsStorage.swift */,
				21FAFC9320D2646900067899 /* Keychain.swift */,
			);
			path = "Credentials Storage";
			sourceTree = "<group>";
		};
		21FAFC9420D2646900067899 /* Token handler */ = {
			isa = PBXGroup;
			children = (
				21FAFC9520D2646900067899 /* TokenAdapter.swift */,
			);
			path = "Token handler";
			sourceTree = "<group>";
		};
		21FAFCA220D2646900067899 /* Request Manager */ = {
			isa = PBXGroup;
			children = (
				21FAFCA320D2646900067899 /* RequestManager.swift */,
			);
			path = "Request Manager";
			sourceTree = "<group>";
		};
		21FAFCA420D2646900067899 /* Requests */ = {
			isa = PBXGroup;
			children = (
				21FAFCA520D2646900067899 /* CollectionRequest.swift */,
				21FAFCA620D2646900067899 /* APIRequestable.swift */,
				21FAFCA720D2646900067899 /* Request.swift */,
				21FAFCA820D2646900067899 /* ApplicationRequests.swift */,
			);
			path = Requests;
			sourceTree = "<group>";
		};
		21FAFCA920D2646900067899 /* API Paths */ = {
			isa = PBXGroup;
			children = (
				21FAFCAA20D2646900067899 /* ApplicationPaths.swift */,
			);
			path = "API Paths";
			sourceTree = "<group>";
		};
		21FAFCAB20D2646900067899 /* Service Locator */ = {
			isa = PBXGroup;
			children = (
				21FAFCAC20D2646900067899 /* ServiceProvidable.swift */,
				21FAFCAD20D2646900067899 /* ServiceLocator.swift */,
				21FAFCAE20D2646900067899 /* Service.swift */,
				21FAFCAF20D2646900067899 /* ServiceConfigurator.swift */,
			);
			path = "Service Locator";
			sourceTree = "<group>";
		};
		21FAFCB020D2646900067899 /* Response Handlers */ = {
			isa = PBXGroup;
			children = (
				21FAFCB120D2646900067899 /* ResponseHandler.swift */,
				21FAFCB220D2646900067899 /* Protocol */,
				21FAFCB420D2646900067899 /* AnyResponseHandlable.swift */,
			);
			path = "Response Handlers";
			sourceTree = "<group>";
		};
		21FAFCB220D2646900067899 /* Protocol */ = {
			isa = PBXGroup;
			children = (
				21FAFCB320D2646900067899 /* ResponseHandlable.swift */,
			);
			path = Protocol;
			sourceTree = "<group>";
		};
		CAC2D823A3CFDD80CE65EE0F /* Pods */ = {
			isa = PBXGroup;
			children = (
				C3E24BFCCE9FEF374D158C5D /* Pods-Nimbus.debug.xcconfig */,
				ABE211F95A8BB1B4041F9AA0 /* Pods-Nimbus.release.xcconfig */,
				A98865455F3A6F6785F8F2BA /* Pods-NimbusTests.debug.xcconfig */,
				971B3973F42FBF4FC02D5888 /* Pods-NimbusTests.release.xcconfig */,
			);
			name = Pods;
			sourceTree = "<group>";
		};
		E5F1AF44E723F24E8C832C9C /* Frameworks */ = {
			isa = PBXGroup;
			children = (
				BE73C19DB32E99F2A89C66D6 /* Pods_Nimbus.framework */,
				FEF36AFF54B4EFEB10747700 /* Pods_NimbusTests.framework */,
			);
			name = Frameworks;
			sourceTree = "<group>";
		};
/* End PBXGroup section */

/* Begin PBXNativeTarget section */
		21443F3120D2501900114A54 /* Nimbus */ = {
			isa = PBXNativeTarget;
			buildConfigurationList = 21443F4D20D2501B00114A54 /* Build configuration list for PBXNativeTarget "Nimbus" */;
			buildPhases = (
				4DB274713341159E2B4BBBA5 /* [CP] Check Pods Manifest.lock */,
				21443F2E20D2501900114A54 /* Sources */,
				21443F2F20D2501900114A54 /* Frameworks */,
				21443F3020D2501900114A54 /* Resources */,
				F849DC4AF54194966131B85E /* [CP] Embed Pods Frameworks */,
			);
			buildRules = (
			);
			dependencies = (
			);
			name = Nimbus;
			productName = Nimbus;
			productReference = 21443F3220D2501900114A54 /* Nimbus.app */;
			productType = "com.apple.product-type.application";
		};
		21443F4320D2501B00114A54 /* NimbusTests */ = {
			isa = PBXNativeTarget;
			buildConfigurationList = 21443F5020D2501B00114A54 /* Build configuration list for PBXNativeTarget "NimbusTests" */;
			buildPhases = (
				2616CE73B553D19185A6A78E /* [CP] Check Pods Manifest.lock */,
				21443F4020D2501B00114A54 /* Sources */,
				21443F4120D2501B00114A54 /* Frameworks */,
				21443F4220D2501B00114A54 /* Resources */,
			);
			buildRules = (
			);
			dependencies = (
				21443F4620D2501B00114A54 /* PBXTargetDependency */,
			);
			name = NimbusTests;
			productName = NimbusTests;
			productReference = 21443F4420D2501B00114A54 /* NimbusTests.xctest */;
			productType = "com.apple.product-type.bundle.unit-test";
		};
/* End PBXNativeTarget section */

/* Begin PBXProject section */
		21443F2A20D2501900114A54 /* Project object */ = {
			isa = PBXProject;
			attributes = {
				LastSwiftUpdateCheck = 0940;
				LastUpgradeCheck = 0940;
				ORGANIZATIONNAME = Nimbl3;
				TargetAttributes = {
					21443F3120D2501900114A54 = {
						CreatedOnToolsVersion = 9.4;
						SystemCapabilities = {
							com.apple.Sandbox = {
								enabled = 1;
							};
						};
					};
					21443F4320D2501B00114A54 = {
						CreatedOnToolsVersion = 9.4;
						TestTargetID = 21443F3120D2501900114A54;
					};
				};
			};
			buildConfigurationList = 21443F2D20D2501900114A54 /* Build configuration list for PBXProject "Nimbus" */;
			compatibilityVersion = "Xcode 9.3";
			developmentRegion = en;
			hasScannedForEncodings = 0;
			knownRegions = (
				en,
				Base,
			);
			mainGroup = 21443F2920D2501900114A54;
			productRefGroup = 21443F3320D2501900114A54 /* Products */;
			projectDirPath = "";
			projectRoot = "";
			targets = (
				21443F3120D2501900114A54 /* Nimbus */,
				21443F4320D2501B00114A54 /* NimbusTests */,
			);
		};
/* End PBXProject section */

/* Begin PBXResourcesBuildPhase section */
		21443F3020D2501900114A54 /* Resources */ = {
			isa = PBXResourcesBuildPhase;
			buildActionMask = 2147483647;
			files = (
				21443F3A20D2501B00114A54 /* Assets.xcassets in Resources */,
				21443F3D20D2501B00114A54 /* Main.storyboard in Resources */,
			);
			runOnlyForDeploymentPostprocessing = 0;
		};
		21443F4220D2501B00114A54 /* Resources */ = {
			isa = PBXResourcesBuildPhase;
			buildActionMask = 2147483647;
			files = (
			);
			runOnlyForDeploymentPostprocessing = 0;
		};
/* End PBXResourcesBuildPhase section */

/* Begin PBXShellScriptBuildPhase section */
		2616CE73B553D19185A6A78E /* [CP] Check Pods Manifest.lock */ = {
			isa = PBXShellScriptBuildPhase;
			buildActionMask = 2147483647;
			files = (
			);
			inputPaths = (
				"${PODS_PODFILE_DIR_PATH}/Podfile.lock",
				"${PODS_ROOT}/Manifest.lock",
			);
			name = "[CP] Check Pods Manifest.lock";
			outputPaths = (
				"$(DERIVED_FILE_DIR)/Pods-NimbusTests-checkManifestLockResult.txt",
			);
			runOnlyForDeploymentPostprocessing = 0;
			shellPath = /bin/sh;
			shellScript = "diff \"${PODS_PODFILE_DIR_PATH}/Podfile.lock\" \"${PODS_ROOT}/Manifest.lock\" > /dev/null\nif [ $? != 0 ] ; then\n    # print error to STDERR\n    echo \"error: The sandbox is not in sync with the Podfile.lock. Run 'pod install' or update your CocoaPods installation.\" >&2\n    exit 1\nfi\n# This output is used by Xcode 'outputs' to avoid re-running this script phase.\necho \"SUCCESS\" > \"${SCRIPT_OUTPUT_FILE_0}\"\n";
			showEnvVarsInLog = 0;
		};
		4DB274713341159E2B4BBBA5 /* [CP] Check Pods Manifest.lock */ = {
			isa = PBXShellScriptBuildPhase;
			buildActionMask = 2147483647;
			files = (
			);
			inputPaths = (
				"${PODS_PODFILE_DIR_PATH}/Podfile.lock",
				"${PODS_ROOT}/Manifest.lock",
			);
			name = "[CP] Check Pods Manifest.lock";
			outputPaths = (
				"$(DERIVED_FILE_DIR)/Pods-Nimbus-checkManifestLockResult.txt",
			);
			runOnlyForDeploymentPostprocessing = 0;
			shellPath = /bin/sh;
			shellScript = "diff \"${PODS_PODFILE_DIR_PATH}/Podfile.lock\" \"${PODS_ROOT}/Manifest.lock\" > /dev/null\nif [ $? != 0 ] ; then\n    # print error to STDERR\n    echo \"error: The sandbox is not in sync with the Podfile.lock. Run 'pod install' or update your CocoaPods installation.\" >&2\n    exit 1\nfi\n# This output is used by Xcode 'outputs' to avoid re-running this script phase.\necho \"SUCCESS\" > \"${SCRIPT_OUTPUT_FILE_0}\"\n";
			showEnvVarsInLog = 0;
		};
		F849DC4AF54194966131B85E /* [CP] Embed Pods Frameworks */ = {
			isa = PBXShellScriptBuildPhase;
			buildActionMask = 2147483647;
			files = (
			);
			inputPaths = (
				"${SRCROOT}/Pods/Target Support Files/Pods-Nimbus/Pods-Nimbus-frameworks.sh",
				"${BUILT_PRODUCTS_DIR}/Alamofire/Alamofire.framework",
				"${BUILT_PRODUCTS_DIR}/HotKey/HotKey.framework",
				"${BUILT_PRODUCTS_DIR}/KeychainAccess/KeychainAccess.framework",
				"${BUILT_PRODUCTS_DIR}/ReactiveCocoa/ReactiveCocoa.framework",
				"${BUILT_PRODUCTS_DIR}/ReactiveSwift/ReactiveSwift.framework",
				"${BUILT_PRODUCTS_DIR}/Result/Result.framework",
			);
			name = "[CP] Embed Pods Frameworks";
			outputPaths = (
				"${TARGET_BUILD_DIR}/${FRAMEWORKS_FOLDER_PATH}/Alamofire.framework",
				"${TARGET_BUILD_DIR}/${FRAMEWORKS_FOLDER_PATH}/HotKey.framework",
				"${TARGET_BUILD_DIR}/${FRAMEWORKS_FOLDER_PATH}/KeychainAccess.framework",
				"${TARGET_BUILD_DIR}/${FRAMEWORKS_FOLDER_PATH}/ReactiveCocoa.framework",
				"${TARGET_BUILD_DIR}/${FRAMEWORKS_FOLDER_PATH}/ReactiveSwift.framework",
				"${TARGET_BUILD_DIR}/${FRAMEWORKS_FOLDER_PATH}/Result.framework",
			);
			runOnlyForDeploymentPostprocessing = 0;
			shellPath = /bin/sh;
			shellScript = "\"${SRCROOT}/Pods/Target Support Files/Pods-Nimbus/Pods-Nimbus-frameworks.sh\"\n";
			showEnvVarsInLog = 0;
		};
/* End PBXShellScriptBuildPhase section */

/* Begin PBXSourcesBuildPhase section */
		21443F2E20D2501900114A54 /* Sources */ = {
			isa = PBXSourcesBuildPhase;
			buildActionMask = 2147483647;
			files = (
				21443F3820D2501900114A54 /* LoginViewController.swift in Sources */,
				21FAFCCA20D2646900067899 /* Service.swift in Sources */,
				21FAFCCE20D2646900067899 /* AnyResponseHandlable.swift in Sources */,
				212A729A20D36F1F009F2184 /* Project.swift in Sources */,
				215BFE4920D26AE400F28DDC /* ApplicationController.swift in Sources */,
				21FAFCBD20D2646900067899 /* JSON.swift in Sources */,
				212A729820D36F17009F2184 /* Account.swift in Sources */,
				21FAFCB520D2646900067899 /* CredentialsStorage.swift in Sources */,
				21FAFCC520D2646900067899 /* Request.swift in Sources */,
				212A72A020D3A279009F2184 /* ProjectController.swift in Sources */,
				212A72A220D3A7A3009F2184 /* StoriesController.swift in Sources */,
				21FAFCCB20D2646900067899 /* ServiceConfigurator.swift in Sources */,
				21443F3620D2501900114A54 /* AppDelegate.swift in Sources */,
				21EDEBA020D66F30005A6240 /* LocalStorage.swift in Sources */,
				21FAFC8920D25D5700067899 /* Credentials.swift in Sources */,
				21FAFC8D20D25FC100067899 /* ApplicationErrors.swift in Sources */,
				21FAFCC720D2646900067899 /* ApplicationPaths.swift in Sources */,
				215BFE4C20D27C7200F28DDC /* NSViewController+StoryboardInstantiable.swift in Sources */,
				21EDEBA420D66F59005A6240 /* NSMenuItem+Creational.swift in Sources */,
				21EDEBA220D66F46005A6240 /* Template.swift in Sources */,
				212A729E20D3A227009F2184 /* AccountController.swift in Sources */,
				21FAFCCC20D2646900067899 /* ResponseHandler.swift in Sources */,
				21FAFCC820D2646900067899 /* ServiceProvidable.swift in Sources */,
				21FAFCC620D2646900067899 /* ApplicationRequests.swift in Sources */,
				21FAFCB720D2646900067899 /* TokenAdapter.swift in Sources */,
				212A72A420D3B329009F2184 /* HotkeyManager.swift in Sources */,
				21FAFCC320D2646900067899 /* CollectionRequest.swift in Sources */,
				21FAFCC920D2646900067899 /* ServiceLocator.swift in Sources */,
				212A729C20D36F27009F2184 /* Story.swift in Sources */,
				21FAFCB620D2646900067899 /* Keychain.swift in Sources */,
				21FAFCC220D2646900067899 /* RequestManager.swift in Sources */,
				21EDEBA720D66F6F005A6240 /* StorageKey.swift in Sources */,
				21EDEB9D20D65F38005A6240 /* TemplateController.swift in Sources */,
				21EDEBA920D66F85005A6240 /* StorageKeys.swift in Sources */,
				21FAFCC420D2646900067899 /* APIRequestable.swift in Sources */,
				21FAFCCD20D2646900067899 /* ResponseHandlable.swift in Sources */,
			);
			runOnlyForDeploymentPostprocessing = 0;
		};
		21443F4020D2501B00114A54 /* Sources */ = {
			isa = PBXSourcesBuildPhase;
			buildActionMask = 2147483647;
			files = (
				21443F4920D2501B00114A54 /* NimbusTests.swift in Sources */,
			);
			runOnlyForDeploymentPostprocessing = 0;
		};
/* End PBXSourcesBuildPhase section */

/* Begin PBXTargetDependency section */
		21443F4620D2501B00114A54 /* PBXTargetDependency */ = {
			isa = PBXTargetDependency;
			target = 21443F3120D2501900114A54 /* Nimbus */;
			targetProxy = 21443F4520D2501B00114A54 /* PBXContainerItemProxy */;
		};
/* End PBXTargetDependency section */

/* Begin PBXVariantGroup section */
		21443F3B20D2501B00114A54 /* Main.storyboard */ = {
			isa = PBXVariantGroup;
			children = (
				21443F3C20D2501B00114A54 /* Base */,
			);
			name = Main.storyboard;
			sourceTree = "<group>";
		};
/* End PBXVariantGroup section */

/* Begin XCBuildConfiguration section */
		21443F4B20D2501B00114A54 /* Debug */ = {
			isa = XCBuildConfiguration;
			buildSettings = {
				ALWAYS_SEARCH_USER_PATHS = NO;
				CLANG_ANALYZER_NONNULL = YES;
				CLANG_ANALYZER_NUMBER_OBJECT_CONVERSION = YES_AGGRESSIVE;
				CLANG_CXX_LANGUAGE_STANDARD = "gnu++14";
				CLANG_CXX_LIBRARY = "libc++";
				CLANG_ENABLE_MODULES = YES;
				CLANG_ENABLE_OBJC_ARC = YES;
				CLANG_ENABLE_OBJC_WEAK = YES;
				CLANG_WARN_BLOCK_CAPTURE_AUTORELEASING = YES;
				CLANG_WARN_BOOL_CONVERSION = YES;
				CLANG_WARN_COMMA = YES;
				CLANG_WARN_CONSTANT_CONVERSION = YES;
				CLANG_WARN_DEPRECATED_OBJC_IMPLEMENTATIONS = YES;
				CLANG_WARN_DIRECT_OBJC_ISA_USAGE = YES_ERROR;
				CLANG_WARN_DOCUMENTATION_COMMENTS = YES;
				CLANG_WARN_EMPTY_BODY = YES;
				CLANG_WARN_ENUM_CONVERSION = YES;
				CLANG_WARN_INFINITE_RECURSION = YES;
				CLANG_WARN_INT_CONVERSION = YES;
				CLANG_WARN_NON_LITERAL_NULL_CONVERSION = YES;
				CLANG_WARN_OBJC_IMPLICIT_RETAIN_SELF = YES;
				CLANG_WARN_OBJC_LITERAL_CONVERSION = YES;
				CLANG_WARN_OBJC_ROOT_CLASS = YES_ERROR;
				CLANG_WARN_RANGE_LOOP_ANALYSIS = YES;
				CLANG_WARN_STRICT_PROTOTYPES = YES;
				CLANG_WARN_SUSPICIOUS_MOVE = YES;
				CLANG_WARN_UNGUARDED_AVAILABILITY = YES_AGGRESSIVE;
				CLANG_WARN_UNREACHABLE_CODE = YES;
				CLANG_WARN__DUPLICATE_METHOD_MATCH = YES;
				CODE_SIGN_IDENTITY = "Mac Developer";
				COPY_PHASE_STRIP = NO;
				DEBUG_INFORMATION_FORMAT = dwarf;
				ENABLE_STRICT_OBJC_MSGSEND = YES;
				ENABLE_TESTABILITY = YES;
				GCC_C_LANGUAGE_STANDARD = gnu11;
				GCC_DYNAMIC_NO_PIC = NO;
				GCC_NO_COMMON_BLOCKS = YES;
				GCC_OPTIMIZATION_LEVEL = 0;
				GCC_PREPROCESSOR_DEFINITIONS = (
					"DEBUG=1",
					"$(inherited)",
				);
				GCC_WARN_64_TO_32_BIT_CONVERSION = YES;
				GCC_WARN_ABOUT_RETURN_TYPE = YES_ERROR;
				GCC_WARN_UNDECLARED_SELECTOR = YES;
				GCC_WARN_UNINITIALIZED_AUTOS = YES_AGGRESSIVE;
				GCC_WARN_UNUSED_FUNCTION = YES;
				GCC_WARN_UNUSED_VARIABLE = YES;
				MACOSX_DEPLOYMENT_TARGET = 10.13;
				MTL_ENABLE_DEBUG_INFO = YES;
				ONLY_ACTIVE_ARCH = YES;
				SDKROOT = macosx;
				SWIFT_ACTIVE_COMPILATION_CONDITIONS = DEBUG;
				SWIFT_OPTIMIZATION_LEVEL = "-Onone";
			};
			name = Debug;
		};
		21443F4C20D2501B00114A54 /* Release */ = {
			isa = XCBuildConfiguration;
			buildSettings = {
				ALWAYS_SEARCH_USER_PATHS = NO;
				CLANG_ANALYZER_NONNULL = YES;
				CLANG_ANALYZER_NUMBER_OBJECT_CONVERSION = YES_AGGRESSIVE;
				CLANG_CXX_LANGUAGE_STANDARD = "gnu++14";
				CLANG_CXX_LIBRARY = "libc++";
				CLANG_ENABLE_MODULES = YES;
				CLANG_ENABLE_OBJC_ARC = YES;
				CLANG_ENABLE_OBJC_WEAK = YES;
				CLANG_WARN_BLOCK_CAPTURE_AUTORELEASING = YES;
				CLANG_WARN_BOOL_CONVERSION = YES;
				CLANG_WARN_COMMA = YES;
				CLANG_WARN_CONSTANT_CONVERSION = YES;
				CLANG_WARN_DEPRECATED_OBJC_IMPLEMENTATIONS = YES;
				CLANG_WARN_DIRECT_OBJC_ISA_USAGE = YES_ERROR;
				CLANG_WARN_DOCUMENTATION_COMMENTS = YES;
				CLANG_WARN_EMPTY_BODY = YES;
				CLANG_WARN_ENUM_CONVERSION = YES;
				CLANG_WARN_INFINITE_RECURSION = YES;
				CLANG_WARN_INT_CONVERSION = YES;
				CLANG_WARN_NON_LITERAL_NULL_CONVERSION = YES;
				CLANG_WARN_OBJC_IMPLICIT_RETAIN_SELF = YES;
				CLANG_WARN_OBJC_LITERAL_CONVERSION = YES;
				CLANG_WARN_OBJC_ROOT_CLASS = YES_ERROR;
				CLANG_WARN_RANGE_LOOP_ANALYSIS = YES;
				CLANG_WARN_STRICT_PROTOTYPES = YES;
				CLANG_WARN_SUSPICIOUS_MOVE = YES;
				CLANG_WARN_UNGUARDED_AVAILABILITY = YES_AGGRESSIVE;
				CLANG_WARN_UNREACHABLE_CODE = YES;
				CLANG_WARN__DUPLICATE_METHOD_MATCH = YES;
				CODE_SIGN_IDENTITY = "Mac Developer";
				COPY_PHASE_STRIP = NO;
				DEBUG_INFORMATION_FORMAT = "dwarf-with-dsym";
				ENABLE_NS_ASSERTIONS = NO;
				ENABLE_STRICT_OBJC_MSGSEND = YES;
				GCC_C_LANGUAGE_STANDARD = gnu11;
				GCC_NO_COMMON_BLOCKS = YES;
				GCC_WARN_64_TO_32_BIT_CONVERSION = YES;
				GCC_WARN_ABOUT_RETURN_TYPE = YES_ERROR;
				GCC_WARN_UNDECLARED_SELECTOR = YES;
				GCC_WARN_UNINITIALIZED_AUTOS = YES_AGGRESSIVE;
				GCC_WARN_UNUSED_FUNCTION = YES;
				GCC_WARN_UNUSED_VARIABLE = YES;
				MACOSX_DEPLOYMENT_TARGET = 10.13;
				MTL_ENABLE_DEBUG_INFO = NO;
				SDKROOT = macosx;
				SWIFT_COMPILATION_MODE = wholemodule;
				SWIFT_OPTIMIZATION_LEVEL = "-O";
			};
			name = Release;
		};
		21443F4E20D2501B00114A54 /* Debug */ = {
			isa = XCBuildConfiguration;
			baseConfigurationReference = C3E24BFCCE9FEF374D158C5D /* Pods-Nimbus.debug.xcconfig */;
			buildSettings = {
				ASSETCATALOG_COMPILER_APPICON_NAME = AppIcon;
				CODE_SIGN_ENTITLEMENTS = Nimbus/Application/Nimbus.entitlements;
				CODE_SIGN_IDENTITY = "Mac Developer";
				CODE_SIGN_STYLE = Automatic;
				COMBINE_HIDPI_IMAGES = YES;
				DEVELOPMENT_TEAM = 4TWS7E2EPE;
				INFOPLIST_FILE = Nimbus/Application/Info.plist;
				LD_RUNPATH_SEARCH_PATHS = (
					"$(inherited)",
					"@executable_path/../Frameworks",
				);
				PRODUCT_BUNDLE_IDENTIFIER = com.nimbl3.Nimbus;
				PRODUCT_NAME = "$(TARGET_NAME)";
				SWIFT_VERSION = 4.0;
			};
			name = Debug;
		};
		21443F4F20D2501B00114A54 /* Release */ = {
			isa = XCBuildConfiguration;
			baseConfigurationReference = ABE211F95A8BB1B4041F9AA0 /* Pods-Nimbus.release.xcconfig */;
			buildSettings = {
				ASSETCATALOG_COMPILER_APPICON_NAME = AppIcon;
				CODE_SIGN_ENTITLEMENTS = Nimbus/Application/Nimbus.entitlements;
				CODE_SIGN_IDENTITY = "Mac Developer";
				CODE_SIGN_STYLE = Automatic;
				COMBINE_HIDPI_IMAGES = YES;
				DEVELOPMENT_TEAM = 4TWS7E2EPE;
				INFOPLIST_FILE = Nimbus/Application/Info.plist;
				LD_RUNPATH_SEARCH_PATHS = (
					"$(inherited)",
					"@executable_path/../Frameworks",
				);
				PRODUCT_BUNDLE_IDENTIFIER = com.nimbl3.Nimbus;
				PRODUCT_NAME = "$(TARGET_NAME)";
				SWIFT_VERSION = 4.0;
			};
			name = Release;
		};
		21443F5120D2501B00114A54 /* Debug */ = {
			isa = XCBuildConfiguration;
			baseConfigurationReference = A98865455F3A6F6785F8F2BA /* Pods-NimbusTests.debug.xcconfig */;
			buildSettings = {
				ALWAYS_EMBED_SWIFT_STANDARD_LIBRARIES = YES;
				BUNDLE_LOADER = "$(TEST_HOST)";
				CODE_SIGN_STYLE = Automatic;
				COMBINE_HIDPI_IMAGES = YES;
				DEVELOPMENT_TEAM = 4TWS7E2EPE;
				INFOPLIST_FILE = NimbusTests/Info.plist;
				LD_RUNPATH_SEARCH_PATHS = (
					"$(inherited)",
					"@executable_path/../Frameworks",
					"@loader_path/../Frameworks",
				);
				PRODUCT_BUNDLE_IDENTIFIER = com.nimbl3.NimbusTests;
				PRODUCT_NAME = "$(TARGET_NAME)";
				SWIFT_VERSION = 4.0;
				TEST_HOST = "$(BUILT_PRODUCTS_DIR)/Nimbus.app/Contents/MacOS/Nimbus";
			};
			name = Debug;
		};
		21443F5220D2501B00114A54 /* Release */ = {
			isa = XCBuildConfiguration;
			baseConfigurationReference = 971B3973F42FBF4FC02D5888 /* Pods-NimbusTests.release.xcconfig */;
			buildSettings = {
				ALWAYS_EMBED_SWIFT_STANDARD_LIBRARIES = YES;
				BUNDLE_LOADER = "$(TEST_HOST)";
				CODE_SIGN_STYLE = Automatic;
				COMBINE_HIDPI_IMAGES = YES;
				DEVELOPMENT_TEAM = 4TWS7E2EPE;
				INFOPLIST_FILE = NimbusTests/Info.plist;
				LD_RUNPATH_SEARCH_PATHS = (
					"$(inherited)",
					"@executable_path/../Frameworks",
					"@loader_path/../Frameworks",
				);
				PRODUCT_BUNDLE_IDENTIFIER = com.nimbl3.NimbusTests;
				PRODUCT_NAME = "$(TARGET_NAME)";
				SWIFT_VERSION = 4.0;
				TEST_HOST = "$(BUILT_PRODUCTS_DIR)/Nimbus.app/Contents/MacOS/Nimbus";
			};
			name = Release;
		};
/* End XCBuildConfiguration section */

/* Begin XCConfigurationList section */
		21443F2D20D2501900114A54 /* Build configuration list for PBXProject "Nimbus" */ = {
			isa = XCConfigurationList;
			buildConfigurations = (
				21443F4B20D2501B00114A54 /* Debug */,
				21443F4C20D2501B00114A54 /* Release */,
			);
			defaultConfigurationIsVisible = 0;
			defaultConfigurationName = Release;
		};
		21443F4D20D2501B00114A54 /* Build configuration list for PBXNativeTarget "Nimbus" */ = {
			isa = XCConfigurationList;
			buildConfigurations = (
				21443F4E20D2501B00114A54 /* Debug */,
				21443F4F20D2501B00114A54 /* Release */,
			);
			defaultConfigurationIsVisible = 0;
			defaultConfigurationName = Release;
		};
		21443F5020D2501B00114A54 /* Build configuration list for PBXNativeTarget "NimbusTests" */ = {
			isa = XCConfigurationList;
			buildConfigurations = (
				21443F5120D2501B00114A54 /* Debug */,
				21443F5220D2501B00114A54 /* Release */,
			);
			defaultConfigurationIsVisible = 0;
			defaultConfigurationName = Release;
		};
/* End XCConfigurationList section */
	};
	rootObject = 21443F2A20D2501900114A54 /* Project object */;
}
